{
  "version": 1,
  "dependencies": {
    ".NETStandard,Version=v2.0": {
      "CarbonAwareComputing": {
        "type": "Direct",
        "requested": "[2.1.0, )",
        "resolved": "2.1.0",
        "contentHash": "//95mPQqorCHIEoB1D8BaxFyUl3yXsDlKmAKZO69OhCF1hkAcxhoHmVnVSSRWVawK1do0ey+cKWfWruClS4KYg==",
        "dependencies": {
          "Microsoft.Extensions.Caching.Abstractions": "6.0.0",
          "Microsoft.Extensions.Caching.Memory": "6.0.2",
          "Microsoft.Extensions.Http": "6.0.0",
          "System.Text.Json": "8.0.5"
        }
      },
      "DotNet.ReproducibleBuilds": {
        "type": "Direct",
        "requested": "[1.2.25, )",
        "resolved": "1.2.25",
        "contentHash": "xCXiw7BCxHJ8pF6wPepRUddlh2dlQlbr81gXA72hdk4FLHkKXas7EH/n+fk5UCA/YfMqG1Z6XaPiUjDbUNBUzg=="
      },
      "FunicularSwitch.Generators": {
        "type": "Direct",
        "requested": "[4.2.0, )",
        "resolved": "4.2.0",
        "contentHash": "aauMhvVeiI8i/4aFsWnuzjqJxZgSxArS9iPka31pfp29Rrk3DCO1MlKTTVWYvGlikopcZbXRxlLrq6nTr7//tA==",
        "dependencies": {
          "Microsoft.CodeAnalysis.Common": "4.6.0"
        }
      },
      "Hangfire": {
        "type": "Direct",
        "requested": "[1.8.17, )",
        "resolved": "1.8.17",
        "contentHash": "ng5Buzywuz4wd7cJZgRorSYOE5v12MU2EQ7ZrQvBtNwDDM+maieDeDfwGLZKvzkfxjd3uveu94le/0Vxmuerxg==",
        "dependencies": {
          "Hangfire.AspNetCore": "[1.8.17]",
          "Hangfire.Core": "[1.8.17]",
          "Hangfire.SqlServer": "[1.8.17]"
        }
      },
      "Hangfire.Core": {
        "type": "Direct",
        "requested": "[1.8.17, )",
        "resolved": "1.8.17",
        "contentHash": "PJbESth45US95kcFn3P2xd//l5C34YPskcU9q/mdIutVcYbd2kvsZDBFmz0/HYxa0nrocdjSpO6MGwPU4kE8Pw==",
        "dependencies": {
          "Newtonsoft.Json": "11.0.1"
        }
      },
      "NETStandard.Library": {
        "type": "Direct",
        "requested": "[2.0.3, )",
        "resolved": "2.0.3",
        "contentHash": "st47PosZSHrjECdjeIzZQbzivYBJFv6P2nv4cj2ypdI204DO+vZ7l5raGMiX4eXMJ53RfOIg+/s4DHVZ54Nu2A==",
        "dependencies": {
          "Microsoft.NETCore.Platforms": "1.1.0"
        }
      },
      "PolySharp": {
        "type": "Direct",
        "requested": "[1.15.0, )",
        "resolved": "1.15.0",
        "contentHash": "FbU0El+EEjdpuIX4iDbeS7ki1uzpJPx8vbqOzEtqnl1GZeAGJfq+jCbxeJL2y0EPnUNk8dRnnqR2xnYXg9Tf+g=="
      },
      "Hangfire.AspNetCore": {
        "type": "Transitive",
        "resolved": "1.8.17",
        "contentHash": "6sFVmIySXX4n8GDrXYRxlXdFzsF6H+q5WPeDDBIQ2qiGDIEzMQvO8P01s3Kq9rRL3YwPuwjhrVcLI6c+ESIVig==",
        "dependencies": {
          "Hangfire.NetCore": "[1.8.17]",
          "Microsoft.AspNetCore.Antiforgery": "2.0.0",
          "Microsoft.AspNetCore.Http.Abstractions": "2.0.0"
        }
      },
      "Hangfire.NetCore": {
        "type": "Transitive",
        "resolved": "1.8.17",
        "contentHash": "COFpdp1JOMj9gd76NObq0ejZv0UAfpa6d3uKdtc96+NT/PhjXVOT5im2Mff3jqBdwEcQodw2xS8oFUs863clvw==",
        "dependencies": {
          "Hangfire.Core": "[1.8.17]",
          "Microsoft.Extensions.DependencyInjection.Abstractions": "2.0.0",
          "Microsoft.Extensions.Hosting.Abstractions": "2.0.0",
          "Microsoft.Extensions.Logging.Abstractions": "2.0.0"
        }
      },
      "Hangfire.SqlServer": {
        "type": "Transitive",
        "resolved": "1.8.17",
        "contentHash": "RX6lkRX1dl1an6EXZGSRKG1YlHt14stETzUrvhlMxvu96esSpVWR0EPAAiyTNOwOMH0uFdPxy3NNl25fgFJQIA==",
        "dependencies": {
          "Hangfire.Core": "[1.8.17]"
        }
      },
      "Microsoft.AspNetCore.Antiforgery": {
        "type": "Transitive",
        "resolved": "2.0.0",
        "contentHash": "BFdjKs38tu7UEHhe1eyZ340+oVfusWhtYGGrOKB/JmjAO8nfaF3NrT6oGUVyXGaZzWxTsdJr9BhsEEN/GoQxkQ==",
        "dependencies": {
          "Microsoft.AspNetCore.DataProtection": "2.0.0",
          "Microsoft.AspNetCore.Http.Abstractions": "2.0.0",
          "Microsoft.AspNetCore.Http.Extensions": "2.0.0",
          "Microsoft.AspNetCore.WebUtilities": "2.0.0",
          "Microsoft.Extensions.ObjectPool": "2.0.0"
        }
      },
      "Microsoft.AspNetCore.Cryptography.Internal": {
        "type": "Transitive",
        "resolved": "2.0.0",
        "contentHash": "SY6GQyZZ5o09rqFmy3nhyJzx3lkFDBl0wO2Kb7EoLCPyH6dC7KB+QXysHfa9P5jHPiYB9VEkcQ9H7kQKcXQ1sw=="
      },
      "Microsoft.AspNetCore.DataProtection": {
        "type": "Transitive",
        "resolved": "2.0.0",
        "contentHash": "CjRLA26BpKrzBqpw1g9F3rGYNGisPd+zsnYdpJbHsjH4iIbi/OHfgKzGdHZCwmfQWrlL4e8Q0SpS+DMvgf6Jpg==",
        "dependencies": {
          "Microsoft.AspNetCore.Cryptography.Internal": "2.0.0",
          "Microsoft.AspNetCore.DataProtection.Abstractions": "2.0.0",
          "Microsoft.AspNetCore.Hosting.Abstractions": "2.0.0",
          "Microsoft.Extensions.DependencyInjection.Abstractions": "2.0.0",
          "Microsoft.Extensions.Logging.Abstractions": "2.0.0",
          "Microsoft.Extensions.Options": "2.0.0",
          "Microsoft.Win32.Registry": "4.4.0",
          "System.Security.Cryptography.Xml": "4.4.0"
        }
      },
      "Microsoft.AspNetCore.DataProtection.Abstractions": {
        "type": "Transitive",
        "resolved": "2.0.0",
        "contentHash": "BiFPWLZTKw253oQ5lAXcCkFkNFSRNi8fDCUB2yOTQyuYVMR8pnBAhVJ37o/E6bnuFYrE6eFCU4iDYrShmBIBYA=="
      },
      "Microsoft.AspNetCore.Hosting.Abstractions": {
        "type": "Transitive",
        "resolved": "2.0.0",
        "contentHash": "IR2zlm3d/CmYbkw+cMM7M6mUAi+xsFUPfWqGYqzZVC5o6jX3xD2Z4Uf44UBaWKMBf5Z7q9dodIdXxwFPF2Hxhg==",
        "dependencies": {
          "Microsoft.AspNetCore.Hosting.Server.Abstractions": "2.0.0",
          "Microsoft.AspNetCore.Http.Abstractions": "2.0.0",
          "Microsoft.Extensions.Configuration.Abstractions": "2.0.0",
          "Microsoft.Extensions.DependencyInjection.Abstractions": "2.0.0",
          "Microsoft.Extensions.FileProviders.Abstractions": "2.0.0",
          "Microsoft.Extensions.Hosting.Abstractions": "2.0.0",
          "Microsoft.Extensions.Logging.Abstractions": "2.0.0"
        }
      },
      "Microsoft.AspNetCore.Hosting.Server.Abstractions": {
        "type": "Transitive",
        "resolved": "2.0.0",
        "contentHash": "v2H65ix/O11HKoxhKQpljtozsD5/1tqeXr3TYnrLgfAPIsp6kTFxIcTSENoxtew7h9X14ENqUf2lBCkyCNRUuQ==",
        "dependencies": {
          "Microsoft.AspNetCore.Http.Features": "2.0.0",
          "Microsoft.Extensions.Configuration.Abstractions": "2.0.0"
        }
      },
      "Microsoft.AspNetCore.Http.Abstractions": {
        "type": "Transitive",
        "resolved": "2.0.0",
        "contentHash": "pblZLY7IfNqhQ5wwGQ0vNq2mG6W5YgZI1fk7suEuwZsGxGEADNBAyNlTALM9L8nMXdvbp6aHP/t4wHrFpcL3Sw==",
        "dependencies": {
          "Microsoft.AspNetCore.Http.Features": "2.0.0",
          "System.Text.Encodings.Web": "4.4.0"
        }
      },
      "Microsoft.AspNetCore.Http.Extensions": {
        "type": "Transitive",
        "resolved": "2.0.0",
        "contentHash": "lA7Bwvur19MhXrlW0w+WBXONJMSFYY5kNazflz4MNwMZMtzwHxNA6fC5sQsssYd/XvA0gMyKwp52s68uuKLR1w==",
        "dependencies": {
          "Microsoft.AspNetCore.Http.Abstractions": "2.0.0",
          "Microsoft.Extensions.FileProviders.Abstractions": "2.0.0",
          "Microsoft.Net.Http.Headers": "2.0.0",
          "System.Buffers": "4.4.0"
        }
      },
      "Microsoft.AspNetCore.Http.Features": {
        "type": "Transitive",
        "resolved": "2.0.0",
        "contentHash": "yk62muzFTZTKCQuo3nmVPkPvGBlM2qbdSxbX62TufuONuKQrTGQ/SwhwBbYutk5/YY7u4HETu0n9BKOn7mMgmA==",
        "dependencies": {
          "Microsoft.Extensions.Primitives": "2.0.0"
        }
      },
      "Microsoft.AspNetCore.WebUtilities": {
        "type": "Transitive",
        "resolved": "2.0.0",
        "contentHash": "RqDEwy7jdHJ0NunWydSzJrpODnsF7NPdB0KaRdG60H1bMEt4DbjcWkUb+XxjZ15uWCMi7clTQClpPuIFLwD1yQ==",
        "dependencies": {
          "Microsoft.Net.Http.Headers": "2.0.0",
          "System.Text.Encodings.Web": "4.4.0"
        }
      },
      "Microsoft.Bcl.AsyncInterfaces": {
        "type": "Transitive",
        "resolved": "8.0.0",
        "contentHash": "3WA9q9yVqJp222P3x1wYIGDAkpjAku0TMUaaQV22g6L67AI0LdOIrVS7Ht2vJfLHGSPVuqN94vIr15qn+HEkHw==",
        "dependencies": {
          "System.Threading.Tasks.Extensions": "4.5.4"
        }
      },
      "Microsoft.CodeAnalysis.Analyzers": {
        "type": "Transitive",
        "resolved": "3.3.4",
        "contentHash": "AxkxcPR+rheX0SmvpLVIGLhOUXAKG56a64kV9VQZ4y9gR9ZmPXnqZvHJnmwLSwzrEP6junUF11vuc+aqo5r68g=="
      },
      "Microsoft.CodeAnalysis.Common": {
        "type": "Transitive",
        "resolved": "4.6.0",
        "contentHash": "N3uLvekc7DjvE1BX8YW7UH7ldjA4ps/Tun2YmOoSIItJrh1gnQIMKUbK1c3uQUx2NHbLibVZI4o/VB9xb4B7tA==",
        "dependencies": {
          "Microsoft.CodeAnalysis.Analyzers": "3.3.4",
          "System.Collections.Immutable": "7.0.0",
          "System.Memory": "4.5.5",
          "System.Reflection.Metadata": "7.0.0",
          "System.Runtime.CompilerServices.Unsafe": "6.0.0",
          "System.Text.Encoding.CodePages": "7.0.0",
          "System.Threading.Tasks.Extensions": "4.5.4"
        }
      },
      "Microsoft.Extensions.Caching.Abstractions": {
        "type": "Transitive",
        "resolved": "6.0.0",
        "contentHash": "bcz5sSFJbganH0+YrfvIjJDIcKNW7TL07C4d1eTmXy/wOt52iz4LVogJb6pazs7W0+74j0YpXFErvp++Aq5Bsw==",
        "dependencies": {
          "Microsoft.Extensions.Primitives": "6.0.0"
        }
      },
      "Microsoft.Extensions.Caching.Memory": {
        "type": "Transitive",
        "resolved": "6.0.2",
        "contentHash": "ANjkN9TiBZXm5cvj3bb3QbezBzqkupCzxwgNf46d4V4ToRBHcEp3IEgbc67M3ZqVHQxaJgEncZ/frdqznpVWIw==",
        "dependencies": {
          "Microsoft.Extensions.Caching.Abstractions": "6.0.0",
          "Microsoft.Extensions.DependencyInjection.Abstractions": "6.0.0",
          "Microsoft.Extensions.Logging.Abstractions": "6.0.4",
          "Microsoft.Extensions.Options": "6.0.0",
          "Microsoft.Extensions.Primitives": "6.0.0"
        }
      },
      "Microsoft.Extensions.Configuration.Abstractions": {
        "type": "Transitive",
        "resolved": "2.0.0",
        "contentHash": "rHFrXqMIvQNq51H8RYTO4IWmDOYh8NUzyqGlh0xHWTP6XYnKk7Ryinys2uDs+Vu88b3AMlM3gBBSs78m6OQpYQ==",
        "dependencies": {
          "Microsoft.Extensions.Primitives": "2.0.0"
        }
      },
      "Microsoft.Extensions.DependencyInjection": {
        "type": "Transitive",
        "resolved": "6.0.0",
        "contentHash": "k6PWQMuoBDGGHOQTtyois2u4AwyVcIwL2LaSLlTZQm2CYcJ1pxbt6jfAnpWmzENA/wfrYRI/X9DTLoUkE4AsLw==",
        "dependencies": {
          "Microsoft.Bcl.AsyncInterfaces": "6.0.0",
          "Microsoft.Extensions.DependencyInjection.Abstractions": "6.0.0",
          "System.Runtime.CompilerServices.Unsafe": "6.0.0",
          "System.Threading.Tasks.Extensions": "4.5.4"
        }
      },
      "Microsoft.Extensions.DependencyInjection.Abstractions": {
        "type": "Transitive",
        "resolved": "6.0.0",
        "contentHash": "xlzi2IYREJH3/m6+lUrQlujzX8wDitm4QGnUu6kUXTQAWPuZY8i+ticFJbzfqaetLA6KR/rO6Ew/HuYD+bxifg==",
        "dependencies": {
          "Microsoft.Bcl.AsyncInterfaces": "6.0.0",
          "System.Threading.Tasks.Extensions": "4.5.4"
        }
      },
      "Microsoft.Extensions.FileProviders.Abstractions": {
        "type": "Transitive",
        "resolved": "2.0.0",
        "contentHash": "Z0AK+hmLO33WAXQ5P1uPzhH7z5yjDHX/XnUefXxE//SyvCb9x4cVjND24dT5566t/yzGp8/WLD7EG9KQKZZklQ==",
        "dependencies": {
          "Microsoft.Extensions.Primitives": "2.0.0"
        }
      },
      "Microsoft.Extensions.Hosting.Abstractions": {
        "type": "Transitive",
        "resolved": "2.0.0",
        "contentHash": "qPG6Ip/AdHxMJ7j3z8FkkpCbV8yjtiFpf/aOpN3TwfJWbtYpN+BKV8Q+pqPMgk7XZivcju9yARaEVCS++hWopA=="
      },
      "Microsoft.Extensions.Http": {
        "type": "Transitive",
        "resolved": "6.0.0",
        "contentHash": "15+pa2G0bAMHbHewaQIdr/y6ag2H3yh4rd9hTXavtWDzQBkvpe2RMqFg8BxDpcQWssmjmBApGPcw93QRz6YcMg==",
        "dependencies": {
          "Microsoft.Extensions.DependencyInjection.Abstractions": "6.0.0",
          "Microsoft.Extensions.Logging": "6.0.0",
          "Microsoft.Extensions.Logging.Abstractions": "6.0.0",
          "Microsoft.Extensions.Options": "6.0.0"
        }
      },
      "Microsoft.Extensions.Logging": {
        "type": "Transitive",
        "resolved": "6.0.0",
        "contentHash": "eIbyj40QDg1NDz0HBW0S5f3wrLVnKWnDJ/JtZ+yJDFnDj90VoPuoPmFkeaXrtu+0cKm5GRAwoDf+dBWXK0TUdg==",
        "dependencies": {
          "Microsoft.Bcl.AsyncInterfaces": "6.0.0",
          "Microsoft.Extensions.DependencyInjection": "6.0.0",
          "Microsoft.Extensions.DependencyInjection.Abstractions": "6.0.0",
          "Microsoft.Extensions.Logging.Abstractions": "6.0.0",
          "Microsoft.Extensions.Options": "6.0.0",
          "System.Diagnostics.DiagnosticSource": "6.0.0"
        }
      },
      "Microsoft.Extensions.Logging.Abstractions": {
        "type": "Transitive",
        "resolved": "6.0.4",
        "contentHash": "K14wYgwOfKVELrUh5eBqlC8Wvo9vvhS3ZhIvcswV2uS/ubkTRPSQsN557EZiYUSSoZNxizG+alN4wjtdyLdcyw==",
        "dependencies": {
          "System.Buffers": "4.5.1",
          "System.Memory": "4.5.4"
        }
      },
      "Microsoft.Extensions.ObjectPool": {
        "type": "Transitive",
        "resolved": "2.0.0",
        "contentHash": "drOmgNZCJiNEqFM/TvyqwtogS8wqoWGQCW5KB/CVGKL6VXHw8OOMdaHyspp8HPstP9UDnrnuq+8eaCaAcQg6tA=="
      },
      "Microsoft.Extensions.Options": {
        "type": "Transitive",
        "resolved": "6.0.0",
        "contentHash": "dzXN0+V1AyjOe2xcJ86Qbo233KHuLEY0njf/P2Kw8SfJU+d45HNS2ctJdnEnrWbM9Ye2eFgaC5Mj9otRMU6IsQ==",
        "dependencies": {
          "Microsoft.Extensions.DependencyInjection.Abstractions": "6.0.0",
          "Microsoft.Extensions.Primitives": "6.0.0",
          "System.ComponentModel.Annotations": "5.0.0"
        }
      },
      "Microsoft.Extensions.Primitives": {
        "type": "Transitive",
        "resolved": "6.0.0",
        "contentHash": "9+PnzmQFfEFNR9J2aDTfJGGupShHjOuGw4VUv+JB044biSHrnmCIMD+mJHmb2H7YryrfBEXDurxQ47gJZdCKNQ==",
        "dependencies": {
          "System.Memory": "4.5.4",
          "System.Runtime.CompilerServices.Unsafe": "6.0.0"
        }
      },
      "Microsoft.Net.Http.Headers": {
        "type": "Transitive",
        "resolved": "2.0.0",
        "contentHash": "Rm9zeNCWyNrGnysHdRXJpNfeDVlPzzFuidSuRLRNvOrnw71vgNPlR4H9wHo2hG/oSaruukqNjK06MDQqb+eXhA==",
        "dependencies": {
          "Microsoft.Extensions.Primitives": "2.0.0",
          "System.Buffers": "4.4.0"
        }
      },
      "Microsoft.NETCore.Platforms": {
        "type": "Transitive",
        "resolved": "1.1.0",
        "contentHash": "kz0PEW2lhqygehI/d6XsPCQzD7ff7gUJaVGPVETX611eadGsA3A877GdSlU0LRVMCTH/+P3o2iDTak+S08V2+A=="
      },
      "Microsoft.Win32.Registry": {
        "type": "Transitive",
        "resolved": "4.4.0",
        "contentHash": "dA36TlNVn/XfrZtmf0fiI/z1nd3Wfp2QVzTdj26pqgP9LFWq0i1hYEUAW50xUjGFYn1+/cP3KGuxT2Yn1OUNBQ==",
        "dependencies": {
          "System.Security.AccessControl": "4.4.0",
          "System.Security.Principal.Windows": "4.4.0"
        }
      },
      "Newtonsoft.Json": {
        "type": "Transitive",
        "resolved": "11.0.1",
        "contentHash": "pNN4l+J6LlpIvHOeNdXlwxv39NPJ2B5klz+Rd2UQZIx30Squ5oND1Yy3wEAUoKn0GPUj6Yxt9lxlYWQqfZcvKg=="
      },
      "System.Buffers": {
        "type": "Transitive",
        "resolved": "4.5.1",
        "contentHash": "Rw7ijyl1qqRS0YQD/WycNst8hUUMgrMH4FCn1nNm27M4VxchZ1js3fVjQaANHO5f3sN4isvP4a+Met9Y4YomAg=="
      },
      "System.Collections.Immutable": {
        "type": "Transitive",
        "resolved": "7.0.0",
        "contentHash": "dQPcs0U1IKnBdRDBkrCTi1FoajSTBzLcVTpjO4MBCMC7f4pDOIPzgBoX8JjG7X6uZRJ8EBxsi8+DR1JuwjnzOQ==",
        "dependencies": {
          "System.Memory": "4.5.5",
          "System.Runtime.CompilerServices.Unsafe": "6.0.0"
        }
      },
      "System.ComponentModel.Annotations": {
        "type": "Transitive",
        "resolved": "5.0.0",
        "contentHash": "dMkqfy2el8A8/I76n2Hi1oBFEbG1SfxD2l5nhwXV3XjlnOmwxJlQbYpJH4W51odnU9sARCSAgv7S3CyAFMkpYg=="
      },
      "System.Diagnostics.DiagnosticSource": {
        "type": "Transitive",
        "resolved": "6.0.0",
        "contentHash": "frQDfv0rl209cKm1lnwTgFPzNigy2EKk1BS3uAvHvlBVKe5cymGyHO+Sj+NLv5VF/AhHsqPIUUwya5oV4CHMUw==",
        "dependencies": {
          "System.Memory": "4.5.4",
          "System.Runtime.CompilerServices.Unsafe": "6.0.0"
        }
      },
      "System.Memory": {
        "type": "Transitive",
        "resolved": "4.5.5",
        "contentHash": "XIWiDvKPXaTveaB7HVganDlOCRoj03l+jrwNvcge/t8vhGYKvqV+dMv6G4SAX2NoNmN0wZfVPTAlFwZcZvVOUw==",
        "dependencies": {
          "System.Buffers": "4.5.1",
          "System.Numerics.Vectors": "4.4.0",
          "System.Runtime.CompilerServices.Unsafe": "4.5.3"
        }
      },
      "System.Numerics.Vectors": {
        "type": "Transitive",
        "resolved": "4.4.0",
        "contentHash": "UiLzLW+Lw6HLed1Hcg+8jSRttrbuXv7DANVj0DkL9g6EnnzbL75EB7EWsw5uRbhxd/4YdG8li5XizGWepmG3PQ=="
      },
      "System.Reflection.Metadata": {
        "type": "Transitive",
        "resolved": "7.0.0",
        "contentHash": "MclTG61lsD9sYdpNz9xsKBzjsmsfCtcMZYXz/IUr2zlhaTaABonlr1ESeompTgM+Xk+IwtGYU7/voh3YWB/fWw==",
        "dependencies": {
          "System.Collections.Immutable": "7.0.0",
          "System.Memory": "4.5.5"
        }
      },
      "System.Runtime.CompilerServices.Unsafe": {
        "type": "Transitive",
        "resolved": "6.0.0",
        "contentHash": "/iUeP3tq1S0XdNNoMz5C9twLSrM/TH+qElHkXWaPvuNOt+99G75NrV0OS2EqHx5wMN7popYjpc8oTjC1y16DLg=="
      },
      "System.Security.AccessControl": {
        "type": "Transitive",
        "resolved": "4.4.0",
        "contentHash": "2NRFPX/V81ucKQmqNgGBZrKGH/5ejsvivSGMRum0SMgPnJxwhuNkzVS1+7gC3R2X0f57CtwrPrXPPSe6nOp82g==",
        "dependencies": {
          "System.Security.Principal.Windows": "4.4.0"
        }
      },
      "System.Security.Cryptography.Xml": {
        "type": "Transitive",
        "resolved": "4.4.0",
        "contentHash": "1Xubvo4i+K+DO6YzVh6vBKmCl5xx/cAoiJEze6VQ+XwVQU25KQC9pPrmniz2EbbJnmoQ5Rm2FFjHsfQAi0Rs+Q=="
      },
      "System.Security.Principal.Windows": {
        "type": "Transitive",
        "resolved": "4.4.0",
        "contentHash": "pP+AOzt1o3jESOuLmf52YQTF7H3Ng9hTnrOESQiqsnl2IbBh1HInsAMHYtoh75iUYV0OIkHmjvveraYB6zM97w=="
      },
      "System.Text.Encoding.CodePages": {
        "type": "Transitive",
        "resolved": "7.0.0",
        "contentHash": "LSyCblMpvOe0N3E+8e0skHcrIhgV2huaNcjUUEa8hRtgEAm36aGkRoC8Jxlb6Ra6GSfF29ftduPNywin8XolzQ==",
        "dependencies": {
          "System.Memory": "4.5.5",
          "System.Runtime.CompilerServices.Unsafe": "6.0.0"
        }
      },
      "System.Text.Encodings.Web": {
        "type": "Transitive",
        "resolved": "8.0.0",
        "contentHash": "yev/k9GHAEGx2Rg3/tU6MQh4HGBXJs70y7j1LaM1i/ER9po+6nnQ6RRqTJn1E7Xu0fbIFK80Nh5EoODxrbxwBQ==",
        "dependencies": {
          "System.Buffers": "4.5.1",
          "System.Memory": "4.5.5",
          "System.Runtime.CompilerServices.Unsafe": "6.0.0"
        }
      },
      "System.Text.Json": {
        "type": "Transitive",
        "resolved": "8.0.5",
        "contentHash": "0f1B50Ss7rqxXiaBJyzUu9bWFOO2/zSlifZ/UNMdiIpDYe4cY4LQQicP4nirK1OS31I43rn062UIJ1Q9bpmHpg==",
        "dependencies": {
          "Microsoft.Bcl.AsyncInterfaces": "8.0.0",
          "System.Buffers": "4.5.1",
          "System.Memory": "4.5.5",
          "System.Runtime.CompilerServices.Unsafe": "6.0.0",
          "System.Text.Encodings.Web": "8.0.0",
          "System.Threading.Tasks.Extensions": "4.5.4"
        }
      },
      "System.Threading.Tasks.Extensions": {
        "type": "Transitive",
        "resolved": "4.5.4",
        "contentHash": "zteT+G8xuGu6mS+mzDzYXbzS7rd3K6Fjb9RiZlYlJPam2/hU7JCBZBVEcywNuR+oZ1ncTvc/cq0faRr3P01OVg==",
        "dependencies": {
          "System.Runtime.CompilerServices.Unsafe": "4.5.3"
        }
      }
    }
  }
}