
Microsoft Visual Studio Solution File, Format Version 12.00
# Visual Studio Version 17
VisualStudioVersion = 17.5.33502.453
MinimumVisualStudioVersion = 10.0.40219.1
Project("{9A19103F-16F7-4668-BE54-9A1E7A4F7556}") = "Usage", "..\samples\Usage\Usage.csproj", "{DFB8006A-3317-4EFC-9343-FB38BD85078F}"
EndProject
Project("{9A19103F-16F7-4668-BE54-9A1E7A4F7556}") = "Hangfire.CarbonAwareExecution", "Hangfire.CarbonAwareExecution\Hangfire.CarbonAwareExecution.csproj", "{76D9EA8D-F663-4C60-9C2E-823298DC1821}"
EndProject
Global
	GlobalSection(SolutionConfigurationPlatforms) = preSolution
		Debug|Any CPU = Debug|Any CPU
		Release|Any CPU = Release|Any CPU
	EndGlobalSection
	GlobalSection(ProjectConfigurationPlatforms) = postSolution
		{DFB8006A-3317-4EFC-9343-FB38BD85078F}.Debug|Any CPU.ActiveCfg = Debug|Any CPU
		{DFB8006A-3317-4EFC-9343-FB38BD85078F}.Debug|Any CPU.Build.0 = Debug|Any CPU
		{DFB8006A-3317-4EFC-9343-FB38BD85078F}.Release|Any CPU.ActiveCfg = Release|Any CPU
		{DFB8006A-3317-4EFC-9343-FB38BD85078F}.Release|Any CPU.Build.0 = Release|Any CPU
		{76D9EA8D-F663-4C60-9C2E-823298DC1821}.Debug|Any CPU.ActiveCfg = Debug|Any CPU
		{76D9EA8D-F663-4C60-9C2E-823298DC1821}.Debug|Any CPU.Build.0 = Debug|Any CPU
		{76D9EA8D-F663-4C60-9C2E-823298DC1821}.Release|Any CPU.ActiveCfg = Release|Any CPU
		{76D9EA8D-F663-4C60-9C2E-823298DC1821}.Release|Any CPU.Build.0 = Release|Any CPU
	EndGlobalSection
	GlobalSection(SolutionProperties) = preSolution
		HideSolutionNode = FALSE
	EndGlobalSection
	GlobalSection(ExtensibilityGlobals) = postSolution
		SolutionGuid = {B20A3892-9E83-42AC-B216-545DF724169F}
	EndGlobalSection
EndGlobal
